
Microsoft Visual Studio Solution File, Format Version 12.00
# Visual Studio Version 17
VisualStudioVersion = 17.6.33815.320
MinimumVisualStudioVersion = 10.0.40219.1
Project("{FAE04EC0-301F-11D3-BF4B-00C04F79EFBC}") = "UserRegistrationTest", "..\UserRegistrationTest\UserRegistrationTest.csproj", "{5AC8037F-1F1D-461B-A281-BA50D8AFBDB5}"
EndProject
Project("{FAE04EC0-301F-11D3-BF4B-00C04F79EFBC}") = "UserRegistration", "..\UserRegistration\UserRegistration.csproj", "{0DB5EEED-916D-4658-B2D3-A467C86F36AE}"
EndProject
Global
	GlobalSection(SolutionConfigurationPlatforms) = preSolution
		Debug|Any CPU = Debug|Any CPU
		Release|Any CPU = Release|Any CPU
	EndGlobalSection
	GlobalSection(ProjectConfigurationPlatforms) = postSolution
		{5AC8037F-1F1D-461B-A281-BA50D8AFBDB5}.Debug|Any CPU.ActiveCfg = Debug|Any CPU
		{5AC8037F-1F1D-461B-A281-BA50D8AFBDB5}.Debug|Any CPU.Build.0 = Debug|Any CPU
		{5AC8037F-1F1D-461B-A281-BA50D8AFBDB5}.Release|Any CPU.ActiveCfg = Release|Any CPU
		{5AC8037F-1F1D-461B-A281-BA50D8AFBDB5}.Release|Any CPU.Build.0 = Release|Any CPU
		{0DB5EEED-916D-4658-B2D3-A467C86F36AE}.Debug|Any CPU.ActiveCfg = Debug|Any CPU
		{0DB5EEED-916D-4658-B2D3-A467C86F36AE}.Debug|Any CPU.Build.0 = Debug|Any CPU
		{0DB5EEED-916D-4658-B2D3-A467C86F36AE}.Release|Any CPU.ActiveCfg = Release|Any CPU
		{0DB5EEED-916D-4658-B2D3-A467C86F36AE}.Release|Any CPU.Build.0 = Release|Any CPU
	EndGlobalSection
	GlobalSection(SolutionProperties) = preSolution
		HideSolutionNode = FALSE
	EndGlobalSection
	GlobalSection(ExtensibilityGlobals) = postSolution
		SolutionGuid = {12D4EADF-4ECB-4309-8982-CC0967F2D6DA}
	EndGlobalSection
EndGlobal
